
Microsoft Visual Studio Solution File, Format Version 12.00
# Visual Studio 15
VisualStudioVersion = 15.0.27428.2037
MinimumVisualStudioVersion = 10.0.40219.1
Project("{FAE04EC0-301F-11D3-BF4B-00C04F79EFBC}") = "Lab1", "Lab1\Lab1.csproj", "{AB19CDF3-79CA-413E-96AE-9E4A3B5C953F}"
EndProject
Project("{2150E333-8FDC-42A3-9474-1A3956D46DE8}") = "Lab1Group", "Lab1Group", "{6B1D35E4-6C78-459D-AB90-32AE329F415D}"
EndProject
Project("{2150E333-8FDC-42A3-9474-1A3956D46DE8}") = "Lab2Group", "Lab2Group", "{E3622A0C-A4EC-4273-9015-E5BC3E885011}"
EndProject
Project("{FAE04EC0-301F-11D3-BF4B-00C04F79EFBC}") = "Lab1Test", "Lab1Test\Lab1Test.csproj", "{52D86CA2-B47F-4323-A60A-F26CF540F121}"
EndProject
Project("{FAE04EC0-301F-11D3-BF4B-00C04F79EFBC}") = "Lab2", "Lab2\Lab2.csproj", "{78E9372A-8330-4C16-A2B3-FF345FB9C00A}"
EndProject
Project("{FAE04EC0-301F-11D3-BF4B-00C04F79EFBC}") = "Lab2Test", "Lab2Test\Lab2Test.csproj", "{AAAF666A-DFD1-494E-8D97-3EF0B89B9FEB}"
EndProject
Global
	GlobalSection(SolutionConfigurationPlatforms) = preSolution
		Debug|Any CPU = Debug|Any CPU
		Release|Any CPU = Release|Any CPU
	EndGlobalSection
	GlobalSection(ProjectConfigurationPlatforms) = postSolution
		{AB19CDF3-79CA-413E-96AE-9E4A3B5C953F}.Debug|Any CPU.ActiveCfg = Debug|Any CPU
		{AB19CDF3-79CA-413E-96AE-9E4A3B5C953F}.Debug|Any CPU.Build.0 = Debug|Any CPU
		{AB19CDF3-79CA-413E-96AE-9E4A3B5C953F}.Release|Any CPU.ActiveCfg = Release|Any CPU
		{AB19CDF3-79CA-413E-96AE-9E4A3B5C953F}.Release|Any CPU.Build.0 = Release|Any CPU
		{52D86CA2-B47F-4323-A60A-F26CF540F121}.Debug|Any CPU.ActiveCfg = Debug|Any CPU
		{52D86CA2-B47F-4323-A60A-F26CF540F121}.Debug|Any CPU.Build.0 = Debug|Any CPU
		{52D86CA2-B47F-4323-A60A-F26CF540F121}.Release|Any CPU.ActiveCfg = Release|Any CPU
		{52D86CA2-B47F-4323-A60A-F26CF540F121}.Release|Any CPU.Build.0 = Release|Any CPU
		{78E9372A-8330-4C16-A2B3-FF345FB9C00A}.Debug|Any CPU.ActiveCfg = Debug|Any CPU
		{78E9372A-8330-4C16-A2B3-FF345FB9C00A}.Debug|Any CPU.Build.0 = Debug|Any CPU
		{78E9372A-8330-4C16-A2B3-FF345FB9C00A}.Release|Any CPU.ActiveCfg = Release|Any CPU
		{78E9372A-8330-4C16-A2B3-FF345FB9C00A}.Release|Any CPU.Build.0 = Release|Any CPU
		{AAAF666A-DFD1-494E-8D97-3EF0B89B9FEB}.Debug|Any CPU.ActiveCfg = Debug|Any CPU
		{AAAF666A-DFD1-494E-8D97-3EF0B89B9FEB}.Debug|Any CPU.Build.0 = Debug|Any CPU
		{AAAF666A-DFD1-494E-8D97-3EF0B89B9FEB}.Release|Any CPU.ActiveCfg = Release|Any CPU
		{AAAF666A-DFD1-494E-8D97-3EF0B89B9FEB}.Release|Any CPU.Build.0 = Release|Any CPU
	EndGlobalSection
	GlobalSection(SolutionProperties) = preSolution
		HideSolutionNode = FALSE
	EndGlobalSection
	GlobalSection(NestedProjects) = preSolution
		{AB19CDF3-79CA-413E-96AE-9E4A3B5C953F} = {6B1D35E4-6C78-459D-AB90-32AE329F415D}
		{52D86CA2-B47F-4323-A60A-F26CF540F121} = {6B1D35E4-6C78-459D-AB90-32AE329F415D}
		{78E9372A-8330-4C16-A2B3-FF345FB9C00A} = {E3622A0C-A4EC-4273-9015-E5BC3E885011}
		{AAAF666A-DFD1-494E-8D97-3EF0B89B9FEB} = {E3622A0C-A4EC-4273-9015-E5BC3E885011}
	EndGlobalSection
	GlobalSection(ExtensibilityGlobals) = postSolution
		SolutionGuid = {137E8679-9C26-4102-9811-5DAA4D111C97}
	EndGlobalSection
EndGlobal
